
Microsoft Visual Studio Solution File, Format Version 12.00
# Visual Studio Version 16
VisualStudioVersion = 16.0.810.19
MinimumVisualStudioVersion = 10.0.40219.1
Project("{FAE04EC0-301F-11D3-BF4B-00C04F79EFBC}") = "testMvcProject", "testMvcProject\testMvcProject.csproj", "{C92DAB41-881C-4C29-91A0-1D264FDAFC5F}"
EndProject
Global
	GlobalSection(SolutionConfigurationPlatforms) = preSolution
		Debug|Any CPU = Debug|Any CPU
		Release|Any CPU = Release|Any CPU
	EndGlobalSection
	GlobalSection(ProjectConfigurationPlatforms) = postSolution
		{C92DAB41-881C-4C29-91A0-1D264FDAFC5F}.Debug|Any CPU.ActiveCfg = Debug|Any CPU
		{C92DAB41-881C-4C29-91A0-1D264FDAFC5F}.Debug|Any CPU.Build.0 = Debug|Any CPU
		{C92DAB41-881C-4C29-91A0-1D264FDAFC5F}.Release|Any CPU.ActiveCfg = Release|Any CPU
		{C92DAB41-881C-4C29-91A0-1D264FDAFC5F}.Release|Any CPU.Build.0 = Release|Any CPU
	EndGlobalSection
	GlobalSection(SolutionProperties) = preSolution
		HideSolutionNode = FALSE
	EndGlobalSection
	GlobalSection(ExtensibilityGlobals) = postSolution
		SolutionGuid = {9F0801A1-FB6E-48D1-A389-4694B0E29A44}
	EndGlobalSection
EndGlobal
